
Microsoft Visual Studio Solution File, Format Version 12.00
# Visual Studio Version 17
VisualStudioVersion = 17.13.35931.197 d17.13
MinimumVisualStudioVersion = 10.0.40219.1
Project("{FAE04EC0-301F-11D3-BF4B-00C04F79EFBC}") = "AndroidApp1", "AndroidApp1.csproj", "{F4BF97B7-478C-422E-BE3A-B451ADE8C552}"
EndProject
Global
	GlobalSection(SolutionConfigurationPlatforms) = preSolution
		Debug|Any CPU = Debug|Any CPU
		Release|Any CPU = Release|Any CPU
	EndGlobalSection
	GlobalSection(ProjectConfigurationPlatforms) = postSolution
		{F4BF97B7-478C-422E-BE3A-B451ADE8C552}.Debug|Any CPU.ActiveCfg = Debug|Any CPU
		{F4BF97B7-478C-422E-BE3A-B451ADE8C552}.Debug|Any CPU.Build.0 = Debug|Any CPU
		{F4BF97B7-478C-422E-BE3A-B451ADE8C552}.Debug|Any CPU.Deploy.0 = Debug|Any CPU
		{F4BF97B7-478C-422E-BE3A-B451ADE8C552}.Release|Any CPU.ActiveCfg = Release|Any CPU
		{F4BF97B7-478C-422E-BE3A-B451ADE8C552}.Release|Any CPU.Build.0 = Release|Any CPU
		{F4BF97B7-478C-422E-BE3A-B451ADE8C552}.Release|Any CPU.Deploy.0 = Release|Any CPU
	EndGlobalSection
	GlobalSection(SolutionProperties) = preSolution
		HideSolutionNode = FALSE
	EndGlobalSection
	GlobalSection(ExtensibilityGlobals) = postSolution
		SolutionGuid = {CF73DABA-C2B2-48EF-AC98-AC35F85E0F6D}
	EndGlobalSection
EndGlobal
